
Microsoft Visual Studio Solution File, Format Version 12.00
# Visual Studio Version 17
VisualStudioVersion = 17.13.35919.96 d17.13
MinimumVisualStudioVersion = 10.0.40219.1
Project("{8BC9CEB8-8B4A-11D0-8D11-00A0C91BC942}") = "Universal-Timer", "Universal-Timer.vcxproj", "{A4A7A82D-73ED-4ED5-AA5E-1D8BD44FC2EA}"
EndProject
Global
	GlobalSection(SolutionConfigurationPlatforms) = preSolution
		Debug|x64 = Debug|x64
		Release|x64 = Release|x64
	EndGlobalSection
	GlobalSection(ProjectConfigurationPlatforms) = postSolution
		{A4A7A82D-73ED-4ED5-AA5E-1D8BD44FC2EA}.Debug|x64.ActiveCfg = Debug|x64
		{A4A7A82D-73ED-4ED5-AA5E-1D8BD44FC2EA}.Debug|x64.Build.0 = Debug|x64
		{A4A7A82D-73ED-4ED5-AA5E-1D8BD44FC2EA}.Release|x64.ActiveCfg = Release|x64
		{A4A7A82D-73ED-4ED5-AA5E-1D8BD44FC2EA}.Release|x64.Build.0 = Release|x64
	EndGlobalSection
	GlobalSection(SolutionProperties) = preSolution
		HideSolutionNode = FALSE
	EndGlobalSection
	GlobalSection(ExtensibilityGlobals) = postSolution
		SolutionGuid = {C1BFCB70-8DC4-4810-99B8-E50FADF2BFD6}
	EndGlobalSection
EndGlobal
